
Microsoft Visual Studio Solution File, Format Version 12.00
# Visual Studio Version 16
VisualStudioVersion = 16.0.33927.289
MinimumVisualStudioVersion = 10.0.40219.1
Project("{FAE04EC0-301F-11D3-BF4B-00C04F79EFBC}") = "_Training_project", "_Training_project\_Training_project.csproj", "{F20F211A-0D4E-4BB2-8FC0-69A292A78069}"
EndProject
Global
	GlobalSection(SolutionConfigurationPlatforms) = preSolution
		Debug|Any CPU = Debug|Any CPU
		Release|Any CPU = Release|Any CPU
	EndGlobalSection
	GlobalSection(ProjectConfigurationPlatforms) = postSolution
		{F20F211A-0D4E-4BB2-8FC0-69A292A78069}.Debug|Any CPU.ActiveCfg = Debug|Any CPU
		{F20F211A-0D4E-4BB2-8FC0-69A292A78069}.Debug|Any CPU.Build.0 = Debug|Any CPU
		{F20F211A-0D4E-4BB2-8FC0-69A292A78069}.Release|Any CPU.ActiveCfg = Release|Any CPU
		{F20F211A-0D4E-4BB2-8FC0-69A292A78069}.Release|Any CPU.Build.0 = Release|Any CPU
	EndGlobalSection
	GlobalSection(SolutionProperties) = preSolution
		HideSolutionNode = FALSE
	EndGlobalSection
	GlobalSection(ExtensibilityGlobals) = postSolution
		SolutionGuid = {C025FE38-49EA-4AE8-9D19-B44942AFFBB8}
	EndGlobalSection
EndGlobal
